// !$*UTF8*$!
{
	archiveVersion = 1;
	classes = {
	};
	objectVersion = 50;
	objects = {

/* Begin PBXBuildFile section */
		4D2CE3AD2409ABBD003F6E4E /* AppDelegate.swift in Sources */ = {isa = PBXBuildFile; fileRef = 4D2CE3AC2409ABBD003F6E4E /* AppDelegate.swift */; };
		4D2CE3AF2409ABBD003F6E4E /* SceneDelegate.swift in Sources */ = {isa = PBXBuildFile; fileRef = 4D2CE3AE2409ABBD003F6E4E /* SceneDelegate.swift */; };
		4D2CE3B12409ABBD003F6E4E /* ViewController.swift in Sources */ = {isa = PBXBuildFile; fileRef = 4D2CE3B02409ABBD003F6E4E /* ViewController.swift */; };
		4D2CE3B42409ABBD003F6E4E /* Main.storyboard in Resources */ = {isa = PBXBuildFile; fileRef = 4D2CE3B22409ABBD003F6E4E /* Main.storyboard */; };
		4D2CE3B62409ABBF003F6E4E /* Assets.xcassets in Resources */ = {isa = PBXBuildFile; fileRef = 4D2CE3B52409ABBF003F6E4E /* Assets.xcassets */; };
		4D2CE3B92409ABBF003F6E4E /* LaunchScreen.storyboard in Resources */ = {isa = PBXBuildFile; fileRef = 4D2CE3B72409ABBF003F6E4E /* LaunchScreen.storyboard */; };
/* End PBXBuildFile section */

/* Begin PBXFileReference section */
		4D2CE3A92409ABBD003F6E4E /* ThriftSwift.app */ = {isa = PBXFileReference; explicitFileType = wrapper.application; includeInIndex = 0; path = ThriftSwift.app; sourceTree = BUILT_PRODUCTS_DIR; };
		4D2CE3AC2409ABBD003F6E4E /* AppDelegate.swift */ = {isa = PBXFileReference; lastKnownFileType = sourcecode.swift; path = AppDelegate.swift; sourceTree = "<group>"; };
		4D2CE3AE2409ABBD003F6E4E /* SceneDelegate.swift */ = {isa = PBXFileReference; lastKnownFileType = sourcecode.swift; path = SceneDelegate.swift; sourceTree = "<group>"; };
		4D2CE3B02409ABBD003F6E4E /* ViewController.swift */ = {isa = PBXFileReference; lastKnownFileType = sourcecode.swift; path = ViewController.swift; sourceTree = "<group>"; };
		4D2CE3B32409ABBD003F6E4E /* Base */ = {isa = PBXFileReference; lastKnownFileType = file.storyboard; name = Base; path = Base.lproj/Main.storyboard; sourceTree = "<group>"; };
		4D2CE3B52409ABBF003F6E4E /* Assets.xcassets */ = {isa = PBXFileReference; lastKnownFileType = folder.assetcatalog; path = Assets.xcassets; sourceTree = "<group>"; };
		4D2CE3B82409ABBF003F6E4E /* Base */ = {isa = PBXFileReference; lastKnownFileType = file.storyboard; name = Base; path = Base.lproj/LaunchScreen.storyboard; sourceTree = "<group>"; };
		4D2CE3BA2409ABBF003F6E4E /* Info.plist */ = {isa = PBXFileReference; lastKnownFileType = text.plist.xml; path = Info.plist; sourceTree = "<group>"; };
/* End PBXFileReference section */

/* Begin PBXFrameworksBuildPhase section */
		4D2CE3A62409ABBD003F6E4E /* Frameworks */ = {
			isa = PBXFrameworksBuildPhase;
			buildActionMask = 2147483647;
			files = (
			);
			runOnlyForDeploymentPostprocessing = 0;
		};
/* End PBXFrameworksBuildPhase section */

/* Begin PBXGroup section */
		4D2CE3A02409ABBD003F6E4E = {
			isa = PBXGroup;
			children = (
				4D2CE3AB2409ABBD003F6E4E /* ThriftSwift */,
				4D2CE3AA2409ABBD003F6E4E /* Products */,
			);
			sourceTree = "<group>";
		};
		4D2CE3AA2409ABBD003F6E4E /* Products */ = {
			isa = PBXGroup;
			children = (
				4D2CE3A92409ABBD003F6E4E /* ThriftSwift.app */,
			);
			name = Products;
			sourceTree = "<group>";
		};
		4D2CE3AB2409ABBD003F6E4E /* ThriftSwift */ = {
			isa = PBXGroup;
			children = (
				4D2CE3AC2409ABBD003F6E4E /* AppDelegate.swift */,
				4D2CE3AE2409ABBD003F6E4E /* SceneDelegate.swift */,
				4D2CE3B02409ABBD003F6E4E /* ViewController.swift */,
				4D2CE3B22409ABBD003F6E4E /* Main.storyboard */,
				4D2CE3B52409ABBF003F6E4E /* Assets.xcassets */,
				4D2CE3B72409ABBF003F6E4E /* LaunchScreen.storyboard */,
				4D2CE3BA2409ABBF003F6E4E /* Info.plist */,
			);
			path = ThriftSwift;
			sourceTree = "<group>";
		};
/* End PBXGroup section */

/* Begin PBXNativeTarget section */
		4D2CE3A82409ABBD003F6E4E /* ThriftSwift */ = {
			isa = PBXNativeTarget;
			buildConfigurationList = 4D2CE3BD2409ABBF003F6E4E /* Build configuration list for PBXNativeTarget "ThriftSwift" */;
			buildPhases = (
				4D2CE3A52409ABBD003F6E4E /* Sources */,
				4D2CE3A62409ABBD003F6E4E /* Frameworks */,
				4D2CE3A72409ABBD003F6E4E /* Resources */,
			);
			buildRules = (
			);
			dependencies = (
			);
			name = ThriftSwift;
			productName = ThriftSwift;
			productReference = 4D2CE3A92409ABBD003F6E4E /* ThriftSwift.app */;
			productType = "com.apple.product-type.application";
		};
/* End PBXNativeTarget section */

/* Begin PBXProject section */
		4D2CE3A12409ABBD003F6E4E /* Project object */ = {
			isa = PBXProject;
			attributes = {
				LastSwiftUpdateCheck = 1130;
				LastUpgradeCheck = 1130;
				ORGANIZATIONNAME = Coursion;
				TargetAttributes = {
					4D2CE3A82409ABBD003F6E4E = {
						CreatedOnToolsVersion = 11.3.1;
					};
				};
			};
			buildConfigurationList = 4D2CE3A42409ABBD003F6E4E /* Build configuration list for PBXProject "ThriftSwift" */;
			compatibilityVersion = "Xcode 9.3";
			developmentRegion = en;
			hasScannedForEncodings = 0;
			knownRegions = (
				en,
				Base,
			);
			mainGroup = 4D2CE3A02409ABBD003F6E4E;
			productRefGroup = 4D2CE3AA2409ABBD003F6E4E /* Products */;
			projectDirPath = "";
			projectRoot = "";
			targets = (
				4D2CE3A82409ABBD003F6E4E /* ThriftSwift */,
			);
		};
/* End PBXProject section */

/* Begin PBXResourcesBuildPhase section */
		4D2CE3A72409ABBD003F6E4E /* Resources */ = {
			isa = PBXResourcesBuildPhase;
			buildActionMask = 2147483647;
			files = (
				4D2CE3B92409ABBF003F6E4E /* LaunchScreen.storyboard in Resources */,
				4D2CE3B62409ABBF003F6E4E /* Assets.xcassets in Resources */,
				4D2CE3B42409ABBD003F6E4E /* Main.storyboard in Resources */,
			);
			runOnlyForDeploymentPostprocessing = 0;
		};
/* End PBXResourcesBuildPhase section */

/* Begin PBXSourcesBuildPhase section */
		4D2CE3A52409ABBD003F6E4E /* Sources */ = {
			isa = PBXSourcesBuildPhase;
			buildActionMask = 2147483647;
			files = (
				4D2CE3B12409ABBD003F6E4E /* ViewController.swift in Sources */,
				4D2CE3AD2409ABBD003F6E4E /* AppDelegate.swift in Sources */,
				4D2CE3AF2409ABBD003F6E4E /* SceneDelegate.swift in Sources */,
			);
			runOnlyForDeploymentPostprocessing = 0;
		};
/* End PBXSourcesBuildPhase section */

/* Begin PBXVariantGroup section */
		4D2CE3B22409ABBD003F6E4E /* Main.storyboard */ = {
			isa = PBXVariantGroup;
			children = (
				4D2CE3B32409ABBD003F6E4E /* Base */,
			);
			name = Main.storyboard;
			sourceTree = "<group>";
		};
		4D2CE3B72409ABBF003F6E4E /* LaunchScreen.storyboard */ = {
			isa = PBXVariantGroup;
			children = (
				4D2CE3B82409ABBF003F6E4E /* Base */,
			);
			name = LaunchScreen.storyboard;
			sourceTree = "<group>";
		};
/* End PBXVariantGroup section */

/* Begin XCBuildConfiguration section */
		4D2CE3BB2409ABBF003F6E4E /* Debug */ = {
			isa = XCBuildConfiguration;
			buildSettings = {
				ALWAYS_SEARCH_USER_PATHS = NO;
				CLANG_ANALYZER_NONNULL = YES;
				CLANG_ANALYZER_NUMBER_OBJECT_CONVERSION = YES_AGGRESSIVE;
				CLANG_CXX_LANGUAGE_STANDARD = "gnu++14";
				CLANG_CXX_LIBRARY = "libc++";
				CLANG_ENABLE_MODULES = YES;
				CLANG_ENABLE_OBJC_ARC = YES;
				CLANG_ENABLE_OBJC_WEAK = YES;
				CLANG_WARN_BLOCK_CAPTURE_AUTORELEASING = YES;
				CLANG_WARN_BOOL_CONVERSION = YES;
				CLANG_WARN_COMMA = YES;
				CLANG_WARN_CONSTANT_CONVERSION = YES;
				CLANG_WARN_DEPRECATED_OBJC_IMPLEMENTATIONS = YES;
				CLANG_WARN_DIRECT_OBJC_ISA_USAGE = YES_ERROR;
				CLANG_WARN_DOCUMENTATION_COMMENTS = YES;
				CLANG_WARN_EMPTY_BODY = YES;
				CLANG_WARN_ENUM_CONVERSION = YES;
				CLANG_WARN_INFINITE_RECURSION = YES;
				CLANG_WARN_INT_CONVERSION = YES;
				CLANG_WARN_NON_LITERAL_NULL_CONVERSION = YES;
				CLANG_WARN_OBJC_IMPLICIT_RETAIN_SELF = YES;
				CLANG_WARN_OBJC_LITERAL_CONVERSION = YES;
				CLANG_WARN_OBJC_ROOT_CLASS = YES_ERROR;
				CLANG_WARN_RANGE_LOOP_ANALYSIS = YES;
				CLANG_WARN_STRICT_PROTOTYPES = YES;
				CLANG_WARN_SUSPICIOUS_MOVE = YES;
				CLANG_WARN_UNGUARDED_AVAILABILITY = YES_AGGRESSIVE;
				CLANG_WARN_UNREACHABLE_CODE = YES;
				CLANG_WARN__DUPLICATE_METHOD_MATCH = YES;
				COPY_PHASE_STRIP = NO;
				DEBUG_INFORMATION_FORMAT = dwarf;
				ENABLE_STRICT_OBJC_MSGSEND = YES;
				ENABLE_TESTABILITY = YES;
				GCC_C_LANGUAGE_STANDARD = gnu11;
				GCC_DYNAMIC_NO_PIC = NO;
				GCC_NO_COMMON_BLOCKS = YES;
				GCC_OPTIMIZATION_LEVEL = 0;
				GCC_PREPROCESSOR_DEFINITIONS = (
					"DEBUG=1",
					"$(inherited)",
				);
				GCC_WARN_64_TO_32_BIT_CONVERSION = YES;
				GCC_WARN_ABOUT_RETURN_TYPE = YES_ERROR;
				GCC_WARN_UNDECLARED_SELECTOR = YES;
				GCC_WARN_UNINITIALIZED_AUTOS = YES_AGGRESSIVE;
				GCC_WARN_UNUSED_FUNCTION = YES;
				GCC_WARN_UNUSED_VARIABLE = YES;
				IPHONEOS_DEPLOYMENT_TARGET = 13.2;
				MTL_ENABLE_DEBUG_INFO = INCLUDE_SOURCE;
				MTL_FAST_MATH = YES;
				ONLY_ACTIVE_ARCH = YES;
				SDKROOT = iphoneos;
				SWIFT_ACTIVE_COMPILATION_CONDITIONS = DEBUG;
				SWIFT_OPTIMIZATION_LEVEL = "-Onone";
			};
			name = Debug;
		};
		4D2CE3BC2409ABBF003F6E4E /* Release */ = {
			isa = XCBuildConfiguration;
			buildSettings = {
				ALWAYS_SEARCH_USER_PATHS = NO;
				CLANG_ANALYZER_NONNULL = YES;
				CLANG_ANALYZER_NUMBER_OBJECT_CONVERSION = YES_AGGRESSIVE;
				CLANG_CXX_LANGUAGE_STANDARD = "gnu++14";
				CLANG_CXX_LIBRARY = "libc++";
				CLANG_ENABLE_MODULES = YES;
				CLANG_ENABLE_OBJC_ARC = YES;
				CLANG_ENABLE_OBJC_WEAK = YES;
				CLANG_WARN_BLOCK_CAPTURE_AUTORELEASING = YES;
				CLANG_WARN_BOOL_CONVERSION = YES;
				CLANG_WARN_COMMA = YES;
				CLANG_WARN_CONSTANT_CONVERSION = YES;
				CLANG_WARN_DEPRECATED_OBJC_IMPLEMENTATIONS = YES;
				CLANG_WARN_DIRECT_OBJC_ISA_USAGE = YES_ERROR;
				CLANG_WARN_DOCUMENTATION_COMMENTS = YES;
				CLANG_WARN_EMPTY_BODY = YES;
				CLANG_WARN_ENUM_CONVERSION = YES;
				CLANG_WARN_INFINITE_RECURSION = YES;
				CLANG_WARN_INT_CONVERSION = YES;
				CLANG_WARN_NON_LITERAL_NULL_CONVERSION = YES;
				CLANG_WARN_OBJC_IMPLICIT_RETAIN_SELF = YES;
				CLANG_WARN_OBJC_LITERAL_CONVERSION = YES;
				CLANG_WARN_OBJC_ROOT_CLASS = YES_ERROR;
				CLANG_WARN_RANGE_LOOP_ANALYSIS = YES;
				CLANG_WARN_STRICT_PROTOTYPES = YES;
				CLANG_WARN_SUSPICIOUS_MOVE = YES;
				CLANG_WARN_UNGUARDED_AVAILABILITY = YES_AGGRESSIVE;
				CLANG_WARN_UNREACHABLE_CODE = YES;
				CLANG_WARN__DUPLICATE_METHOD_MATCH = YES;
				COPY_PHASE_STRIP = NO;
				DEBUG_INFORMATION_FORMAT = "dwarf-with-dsym";
				ENABLE_NS_ASSERTIONS = NO;
				ENABLE_STRICT_OBJC_MSGSEND = YES;
				GCC_C_LANGUAGE_STANDARD = gnu11;
				GCC_NO_COMMON_BLOCKS = YES;
				GCC_WARN_64_TO_32_BIT_CONVERSION = YES;
				GCC_WARN_ABOUT_RETURN_TYPE = YES_ERROR;
				GCC_WARN_UNDECLARED_SELECTOR = YES;
				GCC_WARN_UNINITIALIZED_AUTOS = YES_AGGRESSIVE;
				GCC_WARN_UNUSED_FUNCTION = YES;
				GCC_WARN_UNUSED_VARIABLE = YES;
				IPHONEOS_DEPLOYMENT_TARGET = 13.2;
				MTL_ENABLE_DEBUG_INFO = NO;
				MTL_FAST_MATH = YES;
				SDKROOT = iphoneos;
				SWIFT_COMPILATION_MODE = wholemodule;
				SWIFT_OPTIMIZATION_LEVEL = "-O";
				VALIDATE_PRODUCT = YES;
			};
			name = Release;
		};
		4D2CE3BE2409ABBF003F6E4E /* Debug */ = {
			isa = XCBuildConfiguration;
			buildSettings = {
				ASSETCATALOG_COMPILER_APPICON_NAME = AppIcon;
				CODE_SIGN_STYLE = Automatic;
				DEVELOPMENT_TEAM = 65LUFY6YWC;
				INFOPLIST_FILE = ThriftSwift/Info.plist;
				LD_RUNPATH_SEARCH_PATHS = (
					"$(inherited)",
					"@executable_path/Frameworks",
				);
				PRODUCT_BUNDLE_IDENTIFIER = coursion.ThriftSwift;
				PRODUCT_NAME = "$(TARGET_NAME)";
				SWIFT_VERSION = 5.0;
				TARGETED_DEVICE_FAMILY = "1,2";
			};
			name = Debug;
		};
		4D2CE3BF2409ABBF003F6E4E /* Release */ = {
			isa = XCBuildConfiguration;
			buildSettings = {
				ASSETCATALOG_COMPILER_APPICON_NAME = AppIcon;
				CODE_SIGN_STYLE = Automatic;
				DEVELOPMENT_TEAM = 65LUFY6YWC;
				INFOPLIST_FILE = ThriftSwift/Info.plist;
				LD_RUNPATH_SEARCH_PATHS = (
					"$(inherited)",
					"@executable_path/Frameworks",
				);
				PRODUCT_BUNDLE_IDENTIFIER = coursion.ThriftSwift;
				PRODUCT_NAME = "$(TARGET_NAME)";
				SWIFT_VERSION = 5.0;
				TARGETED_DEVICE_FAMILY = "1,2";
			};
			name = Release;
		};
/* End XCBuildConfiguration section */

/* Begin XCConfigurationList section */
		4D2CE3A42409ABBD003F6E4E /* Build configuration list for PBXProject "ThriftSwift" */ = {
			isa = XCConfigurationList;
			buildConfigurations = (
				4D2CE3BB2409ABBF003F6E4E /* Debug */,
				4D2CE3BC2409ABBF003F6E4E /* Release */,
			);
			defaultConfigurationIsVisible = 0;
			defaultConfigurationName = Release;
		};
		4D2CE3BD2409ABBF003F6E4E /* Build configuration list for PBXNativeTarget "ThriftSwift" */ = {
			isa = XCConfigurationList;
			buildConfigurations = (
				4D2CE3BE2409ABBF003F6E4E /* Debug */,
				4D2CE3BF2409ABBF003F6E4E /* Release */,
			);
			defaultConfigurationIsVisible = 0;
			defaultConfigurationName = Release;
		};
/* End XCConfigurationList section */
	};
	rootObject = 4D2CE3A12409ABBD003F6E4E /* Project object */;
}
